<?xml version="1.0" encoding="utf-8"?>
<Project ToolsVersion="4.0" xmlns="http://schemas.microsoft.com/developer/msbuild/2003">
  <ItemGroup>
    <Filter Include="소스 파일">
      <UniqueIdentifier>{4FC737F1-C7A5-4376-A066-2A32D752A2FF}</UniqueIdentifier>
      <Extensions>cpp;c;cc;cxx;c++;cppm;ixx;def;odl;idl;hpj;bat;asm;asmx</Extensions>
    </Filter>
    <Filter Include="헤더 파일">
      <UniqueIdentifier>{93995380-89BD-4b04-88EB-625FBE52EBFB}</UniqueIdentifier>
      <Extensions>h;hh;hpp;hxx;h++;hm;inl;inc;ipp;xsd</Extensions>
    </Filter>
    <Filter Include="리소스 파일">
      <UniqueIdentifier>{67DA6AB6-F800-4c08-8B7A-83BB121AAD01}</UniqueIdentifier>
      <Extensions>rc;ico;cur;bmp;dlg;rc2;rct;bin;rgs;gif;jpg;jpeg;jpe;resx;tiff;tif;png;wav;mfcribbon-ms</Extensions>
    </Filter>
    <Filter Include="소스 파일\Game">
      <UniqueIdentifier>{88131507-adf2-48c3-91cb-9634cea933e8}</UniqueIdentifier>
    </Filter>
    <Filter Include="헤더 파일\Game">
      <UniqueIdentifier>{b3e47da1-32ea-4a5f-a5aa-b56c2cb1eec8}</UniqueIdentifier>
    </Filter>
    <Filter Include="소스 파일\Packets">
      <UniqueIdentifier>{3d82520d-b816-4129-be56-a2fd55952107}</UniqueIdentifier>
    </Filter>
    <Filter Include="헤더 파일\Packets">
      <UniqueIdentifier>{c2422e31-0ee8-4a18-8ee5-3f5a6982a47b}</UniqueIdentifier>
    </Filter>
    <Filter Include="소스 파일\Platform">
      <UniqueIdentifier>{25746864-4379-49c5-bd9b-e4109e680c6f}</UniqueIdentifier>
    </Filter>
    <Filter Include="헤더 파일\Platform">
      <UniqueIdentifier>{210c37da-47b5-45dd-8c7f-e0d7ee349e75}</UniqueIdentifier>
    </Filter>
    <Filter Include="소스 파일\Game\Data">
      <UniqueIdentifier>{3388de49-d3c3-4d53-a5af-5adb9bcd7f97}</UniqueIdentifier>
    </Filter>
    <Filter Include="소스 파일\Game\Logic">
      <UniqueIdentifier>{6244165f-5e0b-47bd-9728-9ea193d8449a}</UniqueIdentifier>
    </Filter>
    <Filter Include="소스 파일\Game\User">
      <UniqueIdentifier>{5fede8f9-a60f-47ad-8d6e-58bd4b496ae6}</UniqueIdentifier>
    </Filter>
    <Filter Include="소스 파일\Game\Zone">
      <UniqueIdentifier>{8c6fc688-8916-42b6-9300-f7eadddffe7b}</UniqueIdentifier>
    </Filter>
    <Filter Include="헤더 파일\Game\Data">
      <UniqueIdentifier>{47e28c8e-a86b-4095-adf8-d2c2017c8a7d}</UniqueIdentifier>
    </Filter>
    <Filter Include="헤더 파일\Game\Logic">
      <UniqueIdentifier>{082c5729-c266-47ef-b5fc-7fa1b0d92969}</UniqueIdentifier>
    </Filter>
    <Filter Include="헤더 파일\Game\Zone">
      <UniqueIdentifier>{d4792f4a-e7e4-426e-80b0-c4d63f773830}</UniqueIdentifier>
    </Filter>
    <Filter Include="헤더 파일\Game\User">
      <UniqueIdentifier>{90395eab-b36b-4dc8-a058-99b9266215a9}</UniqueIdentifier>
    </Filter>
    <Filter Include="헤더 파일\Game\Data\GameDataEntities">
      <UniqueIdentifier>{f59b246d-130b-4ec1-b6e9-1ba3668449f8}</UniqueIdentifier>
    </Filter>
    <Filter Include="헤더 파일\Game\Data\GamePackets">
      <UniqueIdentifier>{4e5b0ccc-8d28-4cfa-ae32-896c4c3f62cf}</UniqueIdentifier>
    </Filter>
    <Filter Include="헤더 파일\Actor">
      <UniqueIdentifier>{CBA3123C-9E4F-4148-9754-C1D8A1D9B08F}</UniqueIdentifier>
    </Filter>
    <Filter Include="소스 파일\Game\Actors">
      <UniqueIdentifier>{BC48EC8C-3EE3-4934-B273-FEA8903DF5A6}</UniqueIdentifier>
    </Filter>
    <Filter Include="헤더 파일\Game\Actors">
      <UniqueIdentifier>{EB36E956-A300-4F24-AEB1-4D34B5996A74}</UniqueIdentifier>
    </Filter>
    <Filter Include="헤더 파일\Game\Messages">
      <UniqueIdentifier>{569CEC54-466D-43D5-83CB-BAFB3878FE17}</UniqueIdentifier>
    </Filter>
    <Filter Include="소스 파일\Shared">
      <UniqueIdentifier>{283EC07F-78BD-4A79-80BD-5B77608724E5}</UniqueIdentifier>
    </Filter>
    <Filter Include="헤더 파일\Shared">
      <UniqueIdentifier>{F1D1F5E3-CF05-4437-A2A5-2A1FA40B7F82}</UniqueIdentifier>
    </Filter>
    <Filter Include="소스 파일\Game\Data\GameDataEntities">
      <UniqueIdentifier>{F5FEB5E2-F635-425D-AA69-2500E4A13F91}</UniqueIdentifier>
    </Filter>
    <Filter Include="소스 파일\NexusClient">
      <UniqueIdentifier>{E47EEA01-6AFF-48DE-BA48-85AFA811C13E}</UniqueIdentifier>
    </Filter>
    <Filter Include="소스 파일\NexusClient\ClientLib">
      <UniqueIdentifier>{5C544497-C1B0-4D6B-8DB2-E6F8846B1FAE}</UniqueIdentifier>
    </Filter>
    <Filter Include="헤더 파일\NexusClient">
      <UniqueIdentifier>{FAE47116-F6E2-4BE1-8435-62068E37A800}</UniqueIdentifier>
    </Filter>
    <Filter Include="헤더 파일\NexusClient\ClientLib">
      <UniqueIdentifier>{03FAC159-A76B-407D-955D-841525BE0BAC}</UniqueIdentifier>
    </Filter>
    <Filter Include="소스 파일\NexusClient\ClientLib\Packets">
      <UniqueIdentifier>{AD2E4541-7241-4308-925F-1FEFD95921EE}</UniqueIdentifier>
    </Filter>
    <Filter Include="헤더 파일\NexusClient\ClientLib\Packets">
      <UniqueIdentifier>{E5AD7F3A-D103-4D8C-B4EF-FA6DC078242F}</UniqueIdentifier>
    </Filter>
    <Filter Include="헤더 파일\NexusClient\ClientLib\Platform">
      <UniqueIdentifier>{E06EDBFB-5440-44F6-B33D-6CE4ADBF979A}</UniqueIdentifier>
    </Filter>
    <Filter Include="소스 파일\NexusClient\DummyClient">
      <UniqueIdentifier>{4D082FC1-E3CA-40F5-9B67-BA1793DFDEAE}</UniqueIdentifier>
    </Filter>
    <Filter Include="헤더 파일\NexusClient\DummyClient">
      <UniqueIdentifier>{0D2D685D-2075-45E8-8E9D-8D73D44413CC}</UniqueIdentifier>
    </Filter>
    <Filter Include="헤더 파일\NexusClient\DummyClient\Packets">
      <UniqueIdentifier>{A6FAAD10-5479-4BFA-AA5A-9D205537709B}</UniqueIdentifier>
    </Filter>
    <Filter Include="소스 파일\Game\Logic\Pawn">
      <UniqueIdentifier>{36E42044-CE94-4C81-8D0A-76C797563E1B}</UniqueIdentifier>
    </Filter>
    <Filter Include="헤더 파일\Game\Logic\Pawn">
      <UniqueIdentifier>{70330266-6847-4798-9A16-4CF40F46EC1B}</UniqueIdentifier>
    </Filter>
    <Filter Include="소스 파일\Game\Data\Faction">
      <UniqueIdentifier>{0C21A029-CA10-4640-AC26-A2D003DC9C44}</UniqueIdentifier>
    </Filter>
    <Filter Include="헤더 파일\Game\Data\Faction">
      <UniqueIdentifier>{7BC80556-20B0-4109-88F5-F0DE05CAE23B}</UniqueIdentifier>
    </Filter>
  </ItemGroup>
  <ItemGroup>
    <ClCompile Include="main.cpp">
      <Filter>소스 파일</Filter>
    </ClCompile>
    <ClCompile Include="Server.cpp">
      <Filter>소스 파일</Filter>
    </ClCompile>
    <ClCompile Include="ServerNet.cpp">
      <Filter>소스 파일</Filter>
    </ClCompile>
    <ClCompile Include="Connection.cpp">
      <Filter>소스 파일</Filter>
    </ClCompile>
    <ClCompile Include="Game\Logic\GameLogic.cpp">
      <Filter>소스 파일\Game\Logic</Filter>
    </ClCompile>
    <ClCompile Include="Game\User\User.cpp">
      <Filter>소스 파일\Game\User</Filter>
    </ClCompile>
    <ClCompile Include="Game\Zone\Zone.cpp">
      <Filter>소스 파일\Game\Zone</Filter>
    </ClCompile>
    <ClCompile Include="Packets\PacketBase.cpp">
      <Filter>소스 파일\Packets</Filter>
    </ClCompile>
    <ClCompile Include="Game\Actors\SessionActor.cpp">
      <Filter>소스 파일\Game\Actors</Filter>
    </ClCompile>
    <ClCompile Include="Game\Actors\WorldActor.cpp">
      <Filter>소스 파일\Game\Actors</Filter>
    </ClCompile>
    <ClCompile Include="Game\Actors\ZoneActor.cpp">
      <Filter>소스 파일\Game\Actors</Filter>
    </ClCompile>
    <ClCompile Include="Shared\Logger.cpp">
      <Filter>소스 파일\Shared</Filter>
    </ClCompile>
    <ClCompile Include="Game\Data\GameDataEntities\EntityBase.cpp">
      <Filter>소스 파일\Game\Data\GameDataEntities</Filter>
    </ClCompile>
    <ClCompile Include="NexusClient\ClientLib\NetClient.cpp">
      <Filter>소스 파일\NexusClient\ClientLib</Filter>
    </ClCompile>
    <ClCompile Include="NexusClient\ClientLib\Packets\PacketBase.cpp">
      <Filter>소스 파일\NexusClient\ClientLib\Packets</Filter>
    </ClCompile>
    <ClCompile Include="NexusClient\DummyClient\main.cpp">
      <Filter>소스 파일\NexusClient\DummyClient</Filter>
    </ClCompile>
    <ClCompile Include="Game\Logic\Pawn\Pawn.cpp">
      <Filter>소스 파일\Game\Logic\Pawn</Filter>
    </ClCompile>
    <ClCompile Include="Game\Data\Faction\FactionRegistry.cpp">
      <Filter>소스 파일\Game\Data\Faction</Filter>
    </ClCompile>
    <ClCompile Include="Game\Data\GameDataEntities\CharacterEntityData.cpp">
      <Filter>소스 파일\Game\Data\GameDataEntities</Filter>
    </ClCompile>
    <ClCompile Include="Game\Data\GameDataEntities\MonsterEntityData.cpp">
      <Filter>소스 파일\Game\Data\GameDataEntities</Filter>
    </ClCompile>
    <ClCompile Include="Game\Data\GameDataEntities\NpcEntityData.cpp">
      <Filter>소스 파일\Game\Data\GameDataEntities</Filter>
    </ClCompile>
    <ClCompile Include="Game\Logic\Pawn\PlayerPawn.cpp">
      <Filter>소스 파일\Game\Logic\Pawn</Filter>
    </ClCompile>
  </ItemGroup>
  <ItemGroup>
    <ClInclude Include="Server.h">
      <Filter>헤더 파일</Filter>
    </ClInclude>
    <ClInclude Include="ServerNet.h">
      <Filter>헤더 파일</Filter>
    </ClInclude>
    <ClInclude Include="Connection.h">
      <Filter>헤더 파일</Filter>
    </ClInclude>
    <ClInclude Include="Game\Data\GameDataEntities\EntityBase.h">
      <Filter>헤더 파일\Game\Data\GameDataEntities</Filter>
    </ClInclude>
    <ClInclude Include="Game\Data\GamePackets\Packet-Example.hpp">
      <Filter>헤더 파일\Game\Data\GamePackets</Filter>
    </ClInclude>
    <ClInclude Include="Game\Logic\GameLogic.h">
      <Filter>헤더 파일\Game\Logic</Filter>
    </ClInclude>
    <ClInclude Include="Game\User\User.h">
      <Filter>헤더 파일\Game\User</Filter>
    </ClInclude>
    <ClInclude Include="Game\Zone\Zone.h">
      <Filter>헤더 파일\Game\Zone</Filter>
    </ClInclude>
    <ClInclude Include="Platform\Platform.h">
      <Filter>헤더 파일\Platform</Filter>
    </ClInclude>
    <ClInclude Include="Packets\PacketBase.h">
      <Filter>헤더 파일\Packets</Filter>
    </ClInclude>
    <ClInclude Include="Actor\Actor.h">
      <Filter>헤더 파일\Actor</Filter>
    </ClInclude>
    <ClInclude Include="Actor\ActorSystem.h">
      <Filter>헤더 파일\Actor</Filter>
    </ClInclude>
    <ClInclude Include="Actor\Mailbox.h">
      <Filter>헤더 파일\Actor</Filter>
    </ClInclude>
    <ClInclude Include="Game\Actors\SessionActor.h">
      <Filter>헤더 파일\Game\Actors</Filter>
    </ClInclude>
    <ClInclude Include="Game\Actors\WorldActor.h">
      <Filter>헤더 파일\Game\Actors</Filter>
    </ClInclude>
    <ClInclude Include="Game\Actors\ZoneActor.h">
      <Filter>헤더 파일\Game\Actors</Filter>
    </ClInclude>
    <ClInclude Include="Game\Messages\GameMessages.h">
      <Filter>헤더 파일\Game\Messages</Filter>
    </ClInclude>
    <ClInclude Include="Shared\Logger.h">
      <Filter>헤더 파일\Shared</Filter>
    </ClInclude>
    <ClInclude Include="NexusClient\ClientLib\NetClient.h">
      <Filter>헤더 파일\NexusClient\ClientLib</Filter>
    </ClInclude>
    <ClInclude Include="NexusClient\ClientLib\Packets\PacketBase.h">
      <Filter>헤더 파일\NexusClient\ClientLib\Packets</Filter>
    </ClInclude>
    <ClInclude Include="NexusClient\ClientLib\Platform\Platform.h">
      <Filter>헤더 파일\NexusClient\ClientLib\Platform</Filter>
    </ClInclude>
    <ClInclude Include="NexusClient\DummyClient\Packets\GamePackets.hpp">
      <Filter>헤더 파일\NexusClient\DummyClient\Packets</Filter>
    </ClInclude>
    <ClInclude Include="Game\Logic\Pawn\Pawn.h">
      <Filter>헤더 파일\Game\Logic\Pawn</Filter>
    </ClInclude>
    <ClInclude Include="Game\Data\Faction\FactionRegistry.h">
      <Filter>헤더 파일\Game\Data\Faction</Filter>
    </ClInclude>
    <ClInclude Include="Game\Data\Faction\FactionTypes.h">
      <Filter>헤더 파일\Game\Data\Faction</Filter>
    </ClInclude>
    <ClInclude Include="Game\Data\GameDataEntities\CharacterEntityData.h">
      <Filter>헤더 파일\Game\Data\GameDataEntities</Filter>
    </ClInclude>
    <ClInclude Include="Game\Data\GameDataEntities\MonsterEntityData.h">
      <Filter>헤더 파일\Game\Data\GameDataEntities</Filter>
    </ClInclude>
    <ClInclude Include="Game\Data\GameDataEntities\NpcEntityData.h">
      <Filter>헤더 파일\Game\Data\GameDataEntities</Filter>
    </ClInclude>
    <ClInclude Include="Game\Logic\Pawn\PlayerPawn.h">
      <Filter>헤더 파일\Game\Logic\Pawn</Filter>
    </ClInclude>
  </ItemGroup>
</Project>